{
  "name": "cultural_created-2.28晚",
  "lockfileVersion": 3,
  "requires": true,
  "packages": {
    "": {
      "dependencies": {
        "@dcloudio/uni-ui": "^1.5.2"
      }
    },
    "node_modules/@dcloudio/uni-ui": {
      "version": "1.5.2",
      "resolved": "https://registry.npmmirror.com/@dcloudio/uni-ui/-/uni-ui-1.5.2.tgz",
      "integrity": "sha512-/MO31TELyHcKt3nS5bo1t8lQmLSnP9EKlHcShjqM27gL0QeYtoc9UekOITRbA9zi8rnlII3Aw91DHtny3IodFg=="
    }
  }
}
